{
  "version": "5",
  "specifiers": {
    "jsr:@hazae41/glace@^1.0.14": "1.0.14",
    "jsr:@hazae41/immutable@^2.0.15": "2.0.15",
    "jsr:@hazae41/mutex@^3.0.1": "3.0.1",
    "jsr:@hazae41/result-and-option@^2.0.8": "2.0.9",
    "jsr:@hazae41/rewind@^2.3.12": "2.3.12",
    "npm:@hazae41/glace@^1.0.14": "1.0.14",
    "npm:@hazae41/immutable@^2.0.15": "2.0.15",
    "npm:@hazae41/labase@^1.0.15": "1.0.15",
    "npm:@hazae41/rewind@^2.3.12": "2.3.12",
    "npm:@types/node@*": "24.2.0",
    "npm:@types/react-dom@^19.2.2": "19.2.2_@types+react@19.2.2",
    "npm:@types/react@^19.2.2": "19.2.2",
    "npm:esbuild@~0.25.11": "0.25.12",
    "npm:happy-dom@^20.0.7": "20.0.10",
    "npm:react-dom@^19.2.0": "19.2.0_react@19.2.0",
    "npm:react@^19.2.0": "19.2.0",
    "npm:tailwindcss@^4.1.14": "4.1.14"
  },
  "jsr": {
    "@hazae41/glace@1.0.14": {
      "integrity": "d30e483df7a86b01a813cad2bc897b22abca1d77ff41583d47db4fa19936e781",
      "dependencies": [
        "jsr:@hazae41/mutex",
        "npm:esbuild",
        "npm:happy-dom"
      ]
    },
    "@hazae41/immutable@2.0.15": {
      "integrity": "610b2f22d09fc09c47a5e475ccca120e1cff17cc554b926f0d06c09a9716ef45",
      "dependencies": [
        "jsr:@hazae41/result-and-option"
      ]
    },
    "@hazae41/mutex@3.0.1": {
      "integrity": "2bc69f28589bbbee7ba496227948beaea8d9ac4c3157d2392eaa4064a94b7bbe"
    },
    "@hazae41/result-and-option@2.0.9": {
      "integrity": "e785739ccbce2dcc8a3d32e65298e5f2123d3d09c9baa26e2128661192bef646"
    },
    "@hazae41/rewind@2.3.12": {
      "integrity": "906070dbaca34ccd5c95203d2885528501e1469a41835f68e06b2131d3b85d1a",
      "dependencies": [
        "npm:tailwindcss"
      ]
    }
  },
  "npm": {
    "@esbuild/aix-ppc64@0.25.12": {
      "integrity": "sha512-Hhmwd6CInZ3dwpuGTF8fJG6yoWmsToE+vYgD4nytZVxcu1ulHpUQRAB1UJ8+N1Am3Mz4+xOByoQoSZf4D+CpkA==",
      "os": ["aix"],
      "cpu": ["ppc64"]
    },
    "@esbuild/android-arm64@0.25.12": {
      "integrity": "sha512-6AAmLG7zwD1Z159jCKPvAxZd4y/VTO0VkprYy+3N2FtJ8+BQWFXU+OxARIwA46c5tdD9SsKGZ/1ocqBS/gAKHg==",
      "os": ["android"],
      "cpu": ["arm64"]
    },
    "@esbuild/android-arm@0.25.12": {
      "integrity": "sha512-VJ+sKvNA/GE7Ccacc9Cha7bpS8nyzVv0jdVgwNDaR4gDMC/2TTRc33Ip8qrNYUcpkOHUT5OZ0bUcNNVZQ9RLlg==",
      "os": ["android"],
      "cpu": ["arm"]
    },
    "@esbuild/android-x64@0.25.12": {
      "integrity": "sha512-5jbb+2hhDHx5phYR2By8GTWEzn6I9UqR11Kwf22iKbNpYrsmRB18aX/9ivc5cabcUiAT/wM+YIZ6SG9QO6a8kg==",
      "os": ["android"],
      "cpu": ["x64"]
    },
    "@esbuild/darwin-arm64@0.25.12": {
      "integrity": "sha512-N3zl+lxHCifgIlcMUP5016ESkeQjLj/959RxxNYIthIg+CQHInujFuXeWbWMgnTo4cp5XVHqFPmpyu9J65C1Yg==",
      "os": ["darwin"],
      "cpu": ["arm64"]
    },
    "@esbuild/darwin-x64@0.25.12": {
      "integrity": "sha512-HQ9ka4Kx21qHXwtlTUVbKJOAnmG1ipXhdWTmNXiPzPfWKpXqASVcWdnf2bnL73wgjNrFXAa3yYvBSd9pzfEIpA==",
      "os": ["darwin"],
      "cpu": ["x64"]
    },
    "@esbuild/freebsd-arm64@0.25.12": {
      "integrity": "sha512-gA0Bx759+7Jve03K1S0vkOu5Lg/85dou3EseOGUes8flVOGxbhDDh/iZaoek11Y8mtyKPGF3vP8XhnkDEAmzeg==",
      "os": ["freebsd"],
      "cpu": ["arm64"]
    },
    "@esbuild/freebsd-x64@0.25.12": {
      "integrity": "sha512-TGbO26Yw2xsHzxtbVFGEXBFH0FRAP7gtcPE7P5yP7wGy7cXK2oO7RyOhL5NLiqTlBh47XhmIUXuGciXEqYFfBQ==",
      "os": ["freebsd"],
      "cpu": ["x64"]
    },
    "@esbuild/linux-arm64@0.25.12": {
      "integrity": "sha512-8bwX7a8FghIgrupcxb4aUmYDLp8pX06rGh5HqDT7bB+8Rdells6mHvrFHHW2JAOPZUbnjUpKTLg6ECyzvas2AQ==",
      "os": ["linux"],
      "cpu": ["arm64"]
    },
    "@esbuild/linux-arm@0.25.12": {
      "integrity": "sha512-lPDGyC1JPDou8kGcywY0YILzWlhhnRjdof3UlcoqYmS9El818LLfJJc3PXXgZHrHCAKs/Z2SeZtDJr5MrkxtOw==",
      "os": ["linux"],
      "cpu": ["arm"]
    },
    "@esbuild/linux-ia32@0.25.12": {
      "integrity": "sha512-0y9KrdVnbMM2/vG8KfU0byhUN+EFCny9+8g202gYqSSVMonbsCfLjUO+rCci7pM0WBEtz+oK/PIwHkzxkyharA==",
      "os": ["linux"],
      "cpu": ["ia32"]
    },
    "@esbuild/linux-loong64@0.25.12": {
      "integrity": "sha512-h///Lr5a9rib/v1GGqXVGzjL4TMvVTv+s1DPoxQdz7l/AYv6LDSxdIwzxkrPW438oUXiDtwM10o9PmwS/6Z0Ng==",
      "os": ["linux"],
      "cpu": ["loong64"]
    },
    "@esbuild/linux-mips64el@0.25.12": {
      "integrity": "sha512-iyRrM1Pzy9GFMDLsXn1iHUm18nhKnNMWscjmp4+hpafcZjrr2WbT//d20xaGljXDBYHqRcl8HnxbX6uaA/eGVw==",
      "os": ["linux"],
      "cpu": ["mips64el"]
    },
    "@esbuild/linux-ppc64@0.25.12": {
      "integrity": "sha512-9meM/lRXxMi5PSUqEXRCtVjEZBGwB7P/D4yT8UG/mwIdze2aV4Vo6U5gD3+RsoHXKkHCfSxZKzmDssVlRj1QQA==",
      "os": ["linux"],
      "cpu": ["ppc64"]
    },
    "@esbuild/linux-riscv64@0.25.12": {
      "integrity": "sha512-Zr7KR4hgKUpWAwb1f3o5ygT04MzqVrGEGXGLnj15YQDJErYu/BGg+wmFlIDOdJp0PmB0lLvxFIOXZgFRrdjR0w==",
      "os": ["linux"],
      "cpu": ["riscv64"]
    },
    "@esbuild/linux-s390x@0.25.12": {
      "integrity": "sha512-MsKncOcgTNvdtiISc/jZs/Zf8d0cl/t3gYWX8J9ubBnVOwlk65UIEEvgBORTiljloIWnBzLs4qhzPkJcitIzIg==",
      "os": ["linux"],
      "cpu": ["s390x"]
    },
    "@esbuild/linux-x64@0.25.12": {
      "integrity": "sha512-uqZMTLr/zR/ed4jIGnwSLkaHmPjOjJvnm6TVVitAa08SLS9Z0VM8wIRx7gWbJB5/J54YuIMInDquWyYvQLZkgw==",
      "os": ["linux"],
      "cpu": ["x64"]
    },
    "@esbuild/netbsd-arm64@0.25.12": {
      "integrity": "sha512-xXwcTq4GhRM7J9A8Gv5boanHhRa/Q9KLVmcyXHCTaM4wKfIpWkdXiMog/KsnxzJ0A1+nD+zoecuzqPmCRyBGjg==",
      "os": ["netbsd"],
      "cpu": ["arm64"]
    },
    "@esbuild/netbsd-x64@0.25.12": {
      "integrity": "sha512-Ld5pTlzPy3YwGec4OuHh1aCVCRvOXdH8DgRjfDy/oumVovmuSzWfnSJg+VtakB9Cm0gxNO9BzWkj6mtO1FMXkQ==",
      "os": ["netbsd"],
      "cpu": ["x64"]
    },
    "@esbuild/openbsd-arm64@0.25.12": {
      "integrity": "sha512-fF96T6KsBo/pkQI950FARU9apGNTSlZGsv1jZBAlcLL1MLjLNIWPBkj5NlSz8aAzYKg+eNqknrUJ24QBybeR5A==",
      "os": ["openbsd"],
      "cpu": ["arm64"]
    },
    "@esbuild/openbsd-x64@0.25.12": {
      "integrity": "sha512-MZyXUkZHjQxUvzK7rN8DJ3SRmrVrke8ZyRusHlP+kuwqTcfWLyqMOE3sScPPyeIXN/mDJIfGXvcMqCgYKekoQw==",
      "os": ["openbsd"],
      "cpu": ["x64"]
    },
    "@esbuild/openharmony-arm64@0.25.12": {
      "integrity": "sha512-rm0YWsqUSRrjncSXGA7Zv78Nbnw4XL6/dzr20cyrQf7ZmRcsovpcRBdhD43Nuk3y7XIoW2OxMVvwuRvk9XdASg==",
      "os": ["openharmony"],
      "cpu": ["arm64"]
    },
    "@esbuild/sunos-x64@0.25.12": {
      "integrity": "sha512-3wGSCDyuTHQUzt0nV7bocDy72r2lI33QL3gkDNGkod22EsYl04sMf0qLb8luNKTOmgF/eDEDP5BFNwoBKH441w==",
      "os": ["sunos"],
      "cpu": ["x64"]
    },
    "@esbuild/win32-arm64@0.25.12": {
      "integrity": "sha512-rMmLrur64A7+DKlnSuwqUdRKyd3UE7oPJZmnljqEptesKM8wx9J8gx5u0+9Pq0fQQW8vqeKebwNXdfOyP+8Bsg==",
      "os": ["win32"],
      "cpu": ["arm64"]
    },
    "@esbuild/win32-ia32@0.25.12": {
      "integrity": "sha512-HkqnmmBoCbCwxUKKNPBixiWDGCpQGVsrQfJoVGYLPT41XWF8lHuE5N6WhVia2n4o5QK5M4tYr21827fNhi4byQ==",
      "os": ["win32"],
      "cpu": ["ia32"]
    },
    "@esbuild/win32-x64@0.25.12": {
      "integrity": "sha512-alJC0uCZpTFrSL0CCDjcgleBXPnCrEAhTBILpeAp7M/OFgoqtAetfBzX0xM00MUsVVPpVjlPuMbREqnZCXaTnA==",
      "os": ["win32"],
      "cpu": ["x64"]
    },
    "@hazae41/glace@1.0.14": {
      "integrity": "sha512-TIkWzJMXGNA/QH7dG5wTPmApU3U8suxYeepDAi/amse6B+0pM5KCqlZ6JVvSIuYX/khLKztFTJPCJdZWiMKyww==",
      "dependencies": [
        "@hazae41/mutex",
        "esbuild",
        "happy-dom"
      ],
      "bin": true
    },
    "@hazae41/immutable@2.0.15": {
      "integrity": "sha512-lb9rMtDJLzmA0Q38Bobhe6WfbLSGnTeSPXFS1Y2Uwp2EIeM+csEEIlD5fxnf25+wSKNpwTfmMipBpJo0QaCx2w==",
      "dependencies": [
        "@hazae41/result-and-option"
      ]
    },
    "@hazae41/labase@1.0.15": {
      "integrity": "sha512-E1akKjz3KeCBZkUAjod6Iq4mr7BAc70Hg5lvY9VASWvsbivrz0k9FCFWn02BWb7RJHlrviG9iMJFAL0tFZMUgQ==",
      "dependencies": [
        "tailwindcss@4.1.16"
      ]
    },
    "@hazae41/mutex@3.0.1": {
      "integrity": "sha512-HJX26LvYfO/F668m9j6VhVqm6uhED/RrCaH6RLrWXgt1i3O/qqqEndrjqpPquLapHuyuBarbmbyEZtLHxARF7Q=="
    },
    "@hazae41/result-and-option@2.0.9": {
      "integrity": "sha512-TJXaigplInNduffCpHH2NjSgzGhHvRVTkSvLCEVOsk2dbZkoK5c4qwfKGZvRoEoW/wv5Mk0P7C/Heh8x/Es1MQ=="
    },
    "@hazae41/rewind@2.3.12": {
      "integrity": "sha512-MIdp4RPgX6PYIcyT77YAfLOAhS09v01cHQTnhDbxJkqM0jo6cb8TmxeLa1w/8zTEki+QVjlM79OdYI3x21Z8bA==",
      "dependencies": [
        "tailwindcss@4.1.14"
      ]
    },
    "@types/node@20.19.24": {
      "integrity": "sha512-FE5u0ezmi6y9OZEzlJfg37mqqf6ZDSF2V/NLjUyGrR9uTZ7Sb9F7bLNZ03S4XVUNRWGA7Ck4c1kK+YnuWjl+DA==",
      "dependencies": [
        "undici-types@6.21.0"
      ]
    },
    "@types/node@24.2.0": {
      "integrity": "sha512-3xyG3pMCq3oYCNg7/ZP+E1ooTaGB4cG8JWRsqqOYQdbWNY4zbaV0Ennrd7stjiJEFZCaybcIgpTjJWHRfBSIDw==",
      "dependencies": [
        "undici-types@7.10.0"
      ]
    },
    "@types/react-dom@19.2.2_@types+react@19.2.2": {
      "integrity": "sha512-9KQPoO6mZCi7jcIStSnlOWn2nEF3mNmyr3rIAsGnAbQKYbRLyqmeSc39EVgtxXVia+LMT8j3knZLAZAh+xLmrw==",
      "dependencies": [
        "@types/react"
      ]
    },
    "@types/react@19.2.2": {
      "integrity": "sha512-6mDvHUFSjyT2B2yeNx2nUgMxh9LtOWvkhIU3uePn2I2oyNymUAX1NIsdgviM4CH+JSrp2D2hsMvJOkxY+0wNRA==",
      "dependencies": [
        "csstype"
      ]
    },
    "@types/whatwg-mimetype@3.0.2": {
      "integrity": "sha512-c2AKvDT8ToxLIOUlN51gTiHXflsfIFisS4pO7pDPoKouJCESkhZnEy623gwP9laCy5lnLDAw1vAzu2vM2YLOrA=="
    },
    "csstype@3.1.3": {
      "integrity": "sha512-M1uQkMl8rQK/szD0LNhtqxIPLpimGm8sOBwU7lLnCpSbTyY3yeU1Vc7l4KT5zT4s/yOxHH5O7tIuuLOCnLADRw=="
    },
    "esbuild@0.25.12": {
      "integrity": "sha512-bbPBYYrtZbkt6Os6FiTLCTFxvq4tt3JKall1vRwshA3fdVztsLAatFaZobhkBC8/BrPetoa0oksYoKXoG4ryJg==",
      "optionalDependencies": [
        "@esbuild/aix-ppc64",
        "@esbuild/android-arm",
        "@esbuild/android-arm64",
        "@esbuild/android-x64",
        "@esbuild/darwin-arm64",
        "@esbuild/darwin-x64",
        "@esbuild/freebsd-arm64",
        "@esbuild/freebsd-x64",
        "@esbuild/linux-arm",
        "@esbuild/linux-arm64",
        "@esbuild/linux-ia32",
        "@esbuild/linux-loong64",
        "@esbuild/linux-mips64el",
        "@esbuild/linux-ppc64",
        "@esbuild/linux-riscv64",
        "@esbuild/linux-s390x",
        "@esbuild/linux-x64",
        "@esbuild/netbsd-arm64",
        "@esbuild/netbsd-x64",
        "@esbuild/openbsd-arm64",
        "@esbuild/openbsd-x64",
        "@esbuild/openharmony-arm64",
        "@esbuild/sunos-x64",
        "@esbuild/win32-arm64",
        "@esbuild/win32-ia32",
        "@esbuild/win32-x64"
      ],
      "scripts": true,
      "bin": true
    },
    "happy-dom@20.0.10": {
      "integrity": "sha512-6umCCHcjQrhP5oXhrHQQvLB0bwb1UzHAHdsXy+FjtKoYjUhmNZsQL8NivwM1vDvNEChJabVrUYxUnp/ZdYmy2g==",
      "dependencies": [
        "@types/node@20.19.24",
        "@types/whatwg-mimetype",
        "whatwg-mimetype"
      ]
    },
    "react-dom@19.2.0_react@19.2.0": {
      "integrity": "sha512-UlbRu4cAiGaIewkPyiRGJk0imDN2T3JjieT6spoL2UeSf5od4n5LB/mQ4ejmxhCFT1tYe8IvaFulzynWovsEFQ==",
      "dependencies": [
        "react",
        "scheduler"
      ]
    },
    "react@19.2.0": {
      "integrity": "sha512-tmbWg6W31tQLeB5cdIBOicJDJRR2KzXsV7uSK9iNfLWQ5bIZfxuPEHp7M8wiHyHnn0DD1i7w3Zmin0FtkrwoCQ=="
    },
    "scheduler@0.27.0": {
      "integrity": "sha512-eNv+WrVbKu1f3vbYJT/xtiF5syA5HPIMtf9IgY/nKg0sWqzAUEvqY/xm7OcZc/qafLx/iO9FgOmeSAp4v5ti/Q=="
    },
    "tailwindcss@4.1.14": {
      "integrity": "sha512-b7pCxjGO98LnxVkKjaZSDeNuljC4ueKUddjENJOADtubtdo8llTaJy7HwBMeLNSSo2N5QIAgklslK1+Ir8r6CA=="
    },
    "tailwindcss@4.1.16": {
      "integrity": "sha512-pONL5awpaQX4LN5eiv7moSiSPd/DLDzKVRJz8Q9PgzmAdd1R4307GQS2ZpfiN7ZmekdQrfhZZiSE5jkLR4WNaA=="
    },
    "undici-types@6.21.0": {
      "integrity": "sha512-iwDZqg0QAGrg9Rav5H4n0M64c3mkR59cJ6wQp+7C4nI0gsmExaedaYLNO44eT4AtBBwjbTiGPMlt2Md0T9H9JQ=="
    },
    "undici-types@7.10.0": {
      "integrity": "sha512-t5Fy/nfn+14LuOc2KNYg75vZqClpAiqscVvMygNnlsHBFpSXdJaYtXMcdNLpl/Qvc3P2cB3s6lOV51nqsFq4ag=="
    },
    "whatwg-mimetype@3.0.0": {
      "integrity": "sha512-nt+N2dzIutVRxARx1nghPKGv1xHikU7HKdfafKkLNLindmPU/ch3U31NOCGGA/dmPcmb1VlofO0vnKAcsm0o/Q=="
    }
  },
  "workspace": {
    "dependencies": [
      "jsr:@hazae41/glace@^1.0.14",
      "jsr:@hazae41/immutable@^2.0.15",
      "jsr:@hazae41/labase@^1.0.15",
      "jsr:@hazae41/rewind@^2.3.12"
    ],
    "packageJson": {
      "dependencies": [
        "npm:@hazae41/glace@^1.0.14",
        "npm:@hazae41/immutable@^2.0.15",
        "npm:@hazae41/labase@^1.0.15",
        "npm:@hazae41/rewind@^2.3.12",
        "npm:@types/react-dom@^19.2.2",
        "npm:@types/react@^19.2.2",
        "npm:react-dom@^19.2.0",
        "npm:react@^19.2.0"
      ]
    }
  }
}
